
Microsoft Visual Studio Solution File, Format Version 12.00
# Visual Studio Version 17
VisualStudioVersion = 17.10.35013.160
MinimumVisualStudioVersion = 10.0.40219.1
Project("{FAE04EC0-301F-11D3-BF4B-00C04F79EFBC}") = "backend", "backend.csproj", "{925D7385-A9D9-440F-9073-479CF1715FC5}"
EndProject
Global
	GlobalSection(SolutionConfigurationPlatforms) = preSolution
		Debug|Any CPU = Debug|Any CPU
		Release|Any CPU = Release|Any CPU
	EndGlobalSection
	GlobalSection(ProjectConfigurationPlatforms) = postSolution
		{925D7385-A9D9-440F-9073-479CF1715FC5}.Debug|Any CPU.ActiveCfg = Debug|Any CPU
		{925D7385-A9D9-440F-9073-479CF1715FC5}.Debug|Any CPU.Build.0 = Debug|Any CPU
		{925D7385-A9D9-440F-9073-479CF1715FC5}.Release|Any CPU.ActiveCfg = Release|Any CPU
		{925D7385-A9D9-440F-9073-479CF1715FC5}.Release|Any CPU.Build.0 = Release|Any CPU
	EndGlobalSection
	GlobalSection(SolutionProperties) = preSolution
		HideSolutionNode = FALSE
	EndGlobalSection
	GlobalSection(ExtensibilityGlobals) = postSolution
		SolutionGuid = {EC13EF60-976A-4728-BD0F-54ED4DCB7871}
	EndGlobalSection
EndGlobal
